// !$*UTF8*$!
{
	archiveVersion = 1;
	classes = {
	};
	objectVersion = 48;
	objects = {

/* Begin PBXBuildFile section */
		AF6D3C5820A5C9A600E6FCCF /* WebKit.framework in Frameworks */ = {isa = PBXBuildFile; fileRef = AF6D3C5720A5C9A600E6FCCF /* WebKit.framework */; };
		AF84E1F220B72830005387B8 /* Default@2x.png in Resources */ = {isa = PBXBuildFile; fileRef = AF84E1EE20B7282F005387B8 /* Default@2x.png */; };
		AF84E1F320B72830005387B8 /* Default-667@2x.png in Resources */ = {isa = PBXBuildFile; fileRef = AF84E1EF20B72830005387B8 /* Default-667@2x.png */; };
		AF84E1F420B72830005387B8 /* Default-568@2x.png in Resources */ = {isa = PBXBuildFile; fileRef = AF84E1F020B72830005387B8 /* Default-568@2x.png */; };
		AF84E1F520B72830005387B8 /* Default-736@3x.png in Resources */ = {isa = PBXBuildFile; fileRef = AF84E1F120B72830005387B8 /* Default-736@3x.png */; };
		AF96F77F2047A1E70097D273 /* InfoPlist.strings in Resources */ = {isa = PBXBuildFile; fileRef = AF96F77D2047A1E70097D273 /* InfoPlist.strings */; };
		AFA056BE209ADE7400297470 /* global.properties in Resources */ = {isa = PBXBuildFile; fileRef = AFA056BD209ADE7400297470 /* global.properties */; };
		AFAAD3DC20AEE9010024CC68 /* wade-plugin.xml in Resources */ = {isa = PBXBuildFile; fileRef = AFAAD3DB20AEE9010024CC68 /* wade-plugin.xml */; };
		AFBF2BE820439E2500AEBD25 /* AppDelegate.m in Sources */ = {isa = PBXBuildFile; fileRef = AFBF2BE720439E2500AEBD25 /* AppDelegate.m */; };
		AFBF2BF020439E2500AEBD25 /* Assets.xcassets in Resources */ = {isa = PBXBuildFile; fileRef = AFBF2BEF20439E2500AEBD25 /* Assets.xcassets */; };
		AFBF2BF620439E2500AEBD25 /* main.m in Sources */ = {isa = PBXBuildFile; fileRef = AFBF2BF520439E2500AEBD25 /* main.m */; };
		AFBF2C062043E69B00AEBD25 /* AIBase.framework in Frameworks */ = {isa = PBXBuildFile; fileRef = AFBF2C052043E69B00AEBD25 /* AIBase.framework */; };
		AFFCE7C2209A420800539D76 /* CoreTelephony.framework in Frameworks */ = {isa = PBXBuildFile; fileRef = AFFCE7C1209A420800539D76 /* CoreTelephony.framework */; };
/* End PBXBuildFile section */

/* Begin PBXFileReference section */
		AF6D3C5720A5C9A600E6FCCF /* WebKit.framework */ = {isa = PBXFileReference; lastKnownFileType = wrapper.framework; name = WebKit.framework; path = System/Library/Frameworks/WebKit.framework; sourceTree = SDKROOT; };
		AF84E1EE20B7282F005387B8 /* Default@2x.png */ = {isa = PBXFileReference; lastKnownFileType = image.png; path = "Default@2x.png"; sourceTree = "<group>"; };
		AF84E1EF20B72830005387B8 /* Default-667@2x.png */ = {isa = PBXFileReference; lastKnownFileType = image.png; path = "Default-667@2x.png"; sourceTree = "<group>"; };
		AF84E1F020B72830005387B8 /* Default-568@2x.png */ = {isa = PBXFileReference; lastKnownFileType = image.png; path = "Default-568@2x.png"; sourceTree = "<group>"; };
		AF84E1F120B72830005387B8 /* Default-736@3x.png */ = {isa = PBXFileReference; lastKnownFileType = image.png; path = "Default-736@3x.png"; sourceTree = "<group>"; };
		AF96F7792047A1A10097D273 /* en */ = {isa = PBXFileReference; lastKnownFileType = text.plist.xml; name = en; path = en.lproj/Info.plist; sourceTree = "<group>"; };
		AF96F77E2047A1E70097D273 /* zh-Hans */ = {isa = PBXFileReference; lastKnownFileType = text.plist.strings; name = "zh-Hans"; path = "zh-Hans.lproj/InfoPlist.strings"; sourceTree = "<group>"; };
		AF96F7802047A1F30097D273 /* en */ = {isa = PBXFileReference; lastKnownFileType = text.plist.strings; name = en; path = en.lproj/InfoPlist.strings; sourceTree = "<group>"; };
		AFA056BD209ADE7400297470 /* global.properties */ = {isa = PBXFileReference; fileEncoding = 4; lastKnownFileType = text; path = global.properties; sourceTree = "<group>"; };
		AFAAD3DB20AEE9010024CC68 /* wade-plugin.xml */ = {isa = PBXFileReference; fileEncoding = 4; lastKnownFileType = text.xml; path = "wade-plugin.xml"; sourceTree = "<group>"; };
		AFBF2BE320439E2500AEBD25 /* WMShell.app */ = {isa = PBXFileReference; explicitFileType = wrapper.application; includeInIndex = 0; path = WMShell.app; sourceTree = BUILT_PRODUCTS_DIR; };
		AFBF2BE620439E2500AEBD25 /* AppDelegate.h */ = {isa = PBXFileReference; lastKnownFileType = sourcecode.c.h; path = AppDelegate.h; sourceTree = "<group>"; };
		AFBF2BE720439E2500AEBD25 /* AppDelegate.m */ = {isa = PBXFileReference; lastKnownFileType = sourcecode.c.objc; path = AppDelegate.m; sourceTree = "<group>"; };
		AFBF2BEF20439E2500AEBD25 /* Assets.xcassets */ = {isa = PBXFileReference; lastKnownFileType = folder.assetcatalog; path = Assets.xcassets; sourceTree = "<group>"; };
		AFBF2BF520439E2500AEBD25 /* main.m */ = {isa = PBXFileReference; lastKnownFileType = sourcecode.c.objc; path = main.m; sourceTree = "<group>"; };
		AFBF2C052043E69B00AEBD25 /* AIBase.framework */ = {isa = PBXFileReference; lastKnownFileType = wrapper.framework; path = AIBase.framework; sourceTree = "<group>"; };
		AFFCE7C1209A420800539D76 /* CoreTelephony.framework */ = {isa = PBXFileReference; lastKnownFileType = wrapper.framework; name = CoreTelephony.framework; path = System/Library/Frameworks/CoreTelephony.framework; sourceTree = SDKROOT; };
/* End PBXFileReference section */

/* Begin PBXFrameworksBuildPhase section */
		AFBF2BE020439E2500AEBD25 /* Frameworks */ = {
			isa = PBXFrameworksBuildPhase;
			buildActionMask = 2147483647;
			files = (
				AF6D3C5820A5C9A600E6FCCF /* WebKit.framework in Frameworks */,
				AFFCE7C2209A420800539D76 /* CoreTelephony.framework in Frameworks */,
				AFBF2C062043E69B00AEBD25 /* AIBase.framework in Frameworks */,
			);
			runOnlyForDeploymentPostprocessing = 0;
		};
/* End PBXFrameworksBuildPhase section */

/* Begin PBXGroup section */
		AFA056BC209ADE7400297470 /* config */ = {
			isa = PBXGroup;
			children = (
				AF84E1F020B72830005387B8 /* Default-568@2x.png */,
				AF84E1EF20B72830005387B8 /* Default-667@2x.png */,
				AF84E1F120B72830005387B8 /* Default-736@3x.png */,
				AF84E1EE20B7282F005387B8 /* Default@2x.png */,
				AFAAD3DB20AEE9010024CC68 /* wade-plugin.xml */,
				AFA056BD209ADE7400297470 /* global.properties */,
			);
			path = config;
			sourceTree = "<group>";
		};
		AFBF2BDA20439E2500AEBD25 = {
			isa = PBXGroup;
			children = (
				AFBF2BE520439E2500AEBD25 /* WMShell */,
				AFBF2BE420439E2500AEBD25 /* Products */,
				AFFCE7C0209A420800539D76 /* Frameworks */,
			);
			sourceTree = "<group>";
		};
		AFBF2BE420439E2500AEBD25 /* Products */ = {
			isa = PBXGroup;
			children = (
				AFBF2BE320439E2500AEBD25 /* WMShell.app */,
			);
			name = Products;
			sourceTree = "<group>";
		};
		AFBF2BE520439E2500AEBD25 /* WMShell */ = {
			isa = PBXGroup;
			children = (
				AFA056BC209ADE7400297470 /* config */,
				AFBF2BE620439E2500AEBD25 /* AppDelegate.h */,
				AFBF2BE720439E2500AEBD25 /* AppDelegate.m */,
				AFBF2BEF20439E2500AEBD25 /* Assets.xcassets */,
				AF96F77A2047A1A10097D273 /* Info.plist */,
				AF96F77D2047A1E70097D273 /* InfoPlist.strings */,
				AFBF2BF520439E2500AEBD25 /* main.m */,
			);
			path = WMShell;
			sourceTree = "<group>";
		};
		AFFCE7C0209A420800539D76 /* Frameworks */ = {
			isa = PBXGroup;
			children = (
				AFBF2C052043E69B00AEBD25 /* AIBase.framework */,
				AF6D3C5720A5C9A600E6FCCF /* WebKit.framework */,
				AFFCE7C1209A420800539D76 /* CoreTelephony.framework */,
			);
			name = Frameworks;
			sourceTree = "<group>";
		};
/* End PBXGroup section */

/* Begin PBXNativeTarget section */
		AFBF2BE220439E2500AEBD25 /* WMShell */ = {
			isa = PBXNativeTarget;
			buildConfigurationList = AFBF2BF920439E2500AEBD25 /* Build configuration list for PBXNativeTarget "WMShell" */;
			buildPhases = (
				AFBF2BDF20439E2500AEBD25 /* Sources */,
				AFBF2BE020439E2500AEBD25 /* Frameworks */,
				AFBF2BE120439E2500AEBD25 /* Resources */,
			);
			buildRules = (
			);
			dependencies = (
			);
			name = WMShell;
			productName = WMShell;
			productReference = AFBF2BE320439E2500AEBD25 /* WMShell.app */;
			productType = "com.apple.product-type.application";
		};
/* End PBXNativeTarget section */

/* Begin PBXProject section */
		AFBF2BDB20439E2500AEBD25 /* Project object */ = {
			isa = PBXProject;
			attributes = {
				LastUpgradeCheck = 0930;
				ORGANIZATIONNAME = AI;
				TargetAttributes = {
					AFBF2BE220439E2500AEBD25 = {
						CreatedOnToolsVersion = 9.2;
						ProvisioningStyle = Manual;
						SystemCapabilities = {
							com.apple.BackgroundModes = {
								enabled = 1;
							};
						};
					};
				};
			};
			buildConfigurationList = AFBF2BDE20439E2500AEBD25 /* Build configuration list for PBXProject "WMShell" */;
			compatibilityVersion = "Xcode 8.0";
			developmentRegion = en;
			hasScannedForEncodings = 0;
			knownRegions = (
				en,
				Base,
				"zh-Hans",
			);
			mainGroup = AFBF2BDA20439E2500AEBD25;
			productRefGroup = AFBF2BE420439E2500AEBD25 /* Products */;
			projectDirPath = "";
			projectRoot = "";
			targets = (
				AFBF2BE220439E2500AEBD25 /* WMShell */,
			);
		};
/* End PBXProject section */

/* Begin PBXResourcesBuildPhase section */
		AFBF2BE120439E2500AEBD25 /* Resources */ = {
			isa = PBXResourcesBuildPhase;
			buildActionMask = 2147483647;
			files = (
				AF84E1F420B72830005387B8 /* Default-568@2x.png in Resources */,
				AFBF2BF020439E2500AEBD25 /* Assets.xcassets in Resources */,
				AF84E1F520B72830005387B8 /* Default-736@3x.png in Resources */,
				AFA056BE209ADE7400297470 /* global.properties in Resources */,
				AF84E1F320B72830005387B8 /* Default-667@2x.png in Resources */,
				AF84E1F220B72830005387B8 /* Default@2x.png in Resources */,
				AF96F77F2047A1E70097D273 /* InfoPlist.strings in Resources */,
				AFAAD3DC20AEE9010024CC68 /* wade-plugin.xml in Resources */,
			);
			runOnlyForDeploymentPostprocessing = 0;
		};
/* End PBXResourcesBuildPhase section */

/* Begin PBXSourcesBuildPhase section */
		AFBF2BDF20439E2500AEBD25 /* Sources */ = {
			isa = PBXSourcesBuildPhase;
			buildActionMask = 2147483647;
			files = (
				AFBF2BF620439E2500AEBD25 /* main.m in Sources */,
				AFBF2BE820439E2500AEBD25 /* AppDelegate.m in Sources */,
			);
			runOnlyForDeploymentPostprocessing = 0;
		};
/* End PBXSourcesBuildPhase section */

/* Begin PBXVariantGroup section */
		AF96F77A2047A1A10097D273 /* Info.plist */ = {
			isa = PBXVariantGroup;
			children = (
				AF96F7792047A1A10097D273 /* en */,
			);
			name = Info.plist;
			sourceTree = "<group>";
		};
		AF96F77D2047A1E70097D273 /* InfoPlist.strings */ = {
			isa = PBXVariantGroup;
			children = (
				AF96F77E2047A1E70097D273 /* zh-Hans */,
				AF96F7802047A1F30097D273 /* en */,
			);
			name = InfoPlist.strings;
			sourceTree = "<group>";
		};
/* End PBXVariantGroup section */

/* Begin XCBuildConfiguration section */
		AFBF2BF720439E2500AEBD25 /* Debug */ = {
			isa = XCBuildConfiguration;
			buildSettings = {
				ALWAYS_SEARCH_USER_PATHS = NO;
				CLANG_ANALYZER_LOCALIZABILITY_NONLOCALIZED = YES;
				CLANG_ANALYZER_NONNULL = YES;
				CLANG_ANALYZER_NUMBER_OBJECT_CONVERSION = YES_AGGRESSIVE;
				CLANG_CXX_LANGUAGE_STANDARD = "gnu++14";
				CLANG_CXX_LIBRARY = "libc++";
				CLANG_ENABLE_MODULES = YES;
				CLANG_ENABLE_OBJC_ARC = YES;
				CLANG_WARN_BLOCK_CAPTURE_AUTORELEASING = YES;
				CLANG_WARN_BOOL_CONVERSION = YES;
				CLANG_WARN_COMMA = YES;
				CLANG_WARN_CONSTANT_CONVERSION = YES;
				CLANG_WARN_DEPRECATED_OBJC_IMPLEMENTATIONS = YES;
				CLANG_WARN_DIRECT_OBJC_ISA_USAGE = YES_ERROR;
				CLANG_WARN_DOCUMENTATION_COMMENTS = YES;
				CLANG_WARN_EMPTY_BODY = YES;
				CLANG_WARN_ENUM_CONVERSION = YES;
				CLANG_WARN_INFINITE_RECURSION = YES;
				CLANG_WARN_INT_CONVERSION = YES;
				CLANG_WARN_NON_LITERAL_NULL_CONVERSION = YES;
				CLANG_WARN_OBJC_IMPLICIT_RETAIN_SELF = YES;
				CLANG_WARN_OBJC_LITERAL_CONVERSION = YES;
				CLANG_WARN_OBJC_ROOT_CLASS = YES_ERROR;
				CLANG_WARN_RANGE_LOOP_ANALYSIS = YES;
				CLANG_WARN_STRICT_PROTOTYPES = YES;
				CLANG_WARN_SUSPICIOUS_MOVE = YES;
				CLANG_WARN_UNGUARDED_AVAILABILITY = YES_AGGRESSIVE;
				CLANG_WARN_UNREACHABLE_CODE = YES;
				CLANG_WARN__DUPLICATE_METHOD_MATCH = YES;
				CODE_SIGN_IDENTITY = "iPhone Distribution: China Mobile Group shaanxi Company Limited";
				COPY_PHASE_STRIP = NO;
				DEBUG_INFORMATION_FORMAT = dwarf;
				ENABLE_STRICT_OBJC_MSGSEND = YES;
				ENABLE_TESTABILITY = YES;
				GCC_C_LANGUAGE_STANDARD = gnu11;
				GCC_DYNAMIC_NO_PIC = NO;
				GCC_NO_COMMON_BLOCKS = YES;
				GCC_OPTIMIZATION_LEVEL = 0;
				GCC_PREPROCESSOR_DEFINITIONS = (
					"DEBUG=1",
					"$(inherited)",
				);
				GCC_WARN_64_TO_32_BIT_CONVERSION = YES;
				GCC_WARN_ABOUT_RETURN_TYPE = YES_ERROR;
				GCC_WARN_UNDECLARED_SELECTOR = YES;
				GCC_WARN_UNINITIALIZED_AUTOS = YES_AGGRESSIVE;
				GCC_WARN_UNUSED_FUNCTION = YES;
				GCC_WARN_UNUSED_VARIABLE = YES;
				IPHONEOS_DEPLOYMENT_TARGET = 8.0;
				MTL_ENABLE_DEBUG_INFO = YES;
				ONLY_ACTIVE_ARCH = YES;
				SDKROOT = iphoneos;
			};
			name = Debug;
		};
		AFBF2BF820439E2500AEBD25 /* Release */ = {
			isa = XCBuildConfiguration;
			buildSettings = {
				ALWAYS_SEARCH_USER_PATHS = NO;
				CLANG_ANALYZER_LOCALIZABILITY_NONLOCALIZED = YES;
				CLANG_ANALYZER_NONNULL = YES;
				CLANG_ANALYZER_NUMBER_OBJECT_CONVERSION = YES_AGGRESSIVE;
				CLANG_CXX_LANGUAGE_STANDARD = "gnu++14";
				CLANG_CXX_LIBRARY = "libc++";
				CLANG_ENABLE_MODULES = YES;
				CLANG_ENABLE_OBJC_ARC = YES;
				CLANG_WARN_BLOCK_CAPTURE_AUTORELEASING = YES;
				CLANG_WARN_BOOL_CONVERSION = YES;
				CLANG_WARN_COMMA = YES;
				CLANG_WARN_CONSTANT_CONVERSION = YES;
				CLANG_WARN_DEPRECATED_OBJC_IMPLEMENTATIONS = YES;
				CLANG_WARN_DIRECT_OBJC_ISA_USAGE = YES_ERROR;
				CLANG_WARN_DOCUMENTATION_COMMENTS = YES;
				CLANG_WARN_EMPTY_BODY = YES;
				CLANG_WARN_ENUM_CONVERSION = YES;
				CLANG_WARN_INFINITE_RECURSION = YES;
				CLANG_WARN_INT_CONVERSION = YES;
				CLANG_WARN_NON_LITERAL_NULL_CONVERSION = YES;
				CLANG_WARN_OBJC_IMPLICIT_RETAIN_SELF = YES;
				CLANG_WARN_OBJC_LITERAL_CONVERSION = YES;
				CLANG_WARN_OBJC_ROOT_CLASS = YES_ERROR;
				CLANG_WARN_RANGE_LOOP_ANALYSIS = YES;
				CLANG_WARN_STRICT_PROTOTYPES = YES;
				CLANG_WARN_SUSPICIOUS_MOVE = YES;
				CLANG_WARN_UNGUARDED_AVAILABILITY = YES_AGGRESSIVE;
				CLANG_WARN_UNREACHABLE_CODE = YES;
				CLANG_WARN__DUPLICATE_METHOD_MATCH = YES;
				CODE_SIGN_IDENTITY = "iPhone Developer";
				COPY_PHASE_STRIP = NO;
				DEBUG_INFORMATION_FORMAT = "dwarf-with-dsym";
				ENABLE_NS_ASSERTIONS = NO;
				ENABLE_STRICT_OBJC_MSGSEND = YES;
				GCC_C_LANGUAGE_STANDARD = gnu11;
				GCC_NO_COMMON_BLOCKS = YES;
				GCC_WARN_64_TO_32_BIT_CONVERSION = YES;
				GCC_WARN_ABOUT_RETURN_TYPE = YES_ERROR;
				GCC_WARN_UNDECLARED_SELECTOR = YES;
				GCC_WARN_UNINITIALIZED_AUTOS = YES_AGGRESSIVE;
				GCC_WARN_UNUSED_FUNCTION = YES;
				GCC_WARN_UNUSED_VARIABLE = YES;
				IPHONEOS_DEPLOYMENT_TARGET = 8.0;
				MTL_ENABLE_DEBUG_INFO = NO;
				SDKROOT = iphoneos;
				VALIDATE_PRODUCT = YES;
			};
			name = Release;
		};
		AFBF2BFA20439E2500AEBD25 /* Debug */ = {
			isa = XCBuildConfiguration;
			buildSettings = {
				ASSETCATALOG_COMPILER_APPICON_NAME = AppIcon;
				ASSETCATALOG_COMPILER_LAUNCHIMAGE_NAME = LaunchImage;
				CODE_SIGN_IDENTITY = "iPhone Developer: Wu YouJian (EK2QWBZ82K)";
				"CODE_SIGN_IDENTITY[sdk=iphoneos*]" = "iPhone Developer: Wu YouJian (EK2QWBZ82K)";
				CODE_SIGN_INJECT_BASE_ENTITLEMENTS = YES;
				CODE_SIGN_STYLE = Manual;
				DEVELOPMENT_TEAM = 7DUX67X748;
				FRAMEWORK_SEARCH_PATHS = (
					"$(inherited)",
					"$(PROJECT_DIR)",
				);
				INFOPLIST_FILE = WMShell/Info.plist;
				IPHONEOS_DEPLOYMENT_TARGET = 8.0;
				LD_RUNPATH_SEARCH_PATHS = "$(inherited) @executable_path/Frameworks";
				OTHER_LDFLAGS = (
					"-Objc",
					"-all_load",
				);
				PRODUCT_BUNDLE_IDENTIFIER = com.weimeitc.wmshell;
				PRODUCT_NAME = "$(TARGET_NAME)";
				PROVISIONING_PROFILE = "b857a747-69b5-48d0-9720-b85ae851acb3";
				PROVISIONING_PROFILE_SPECIFIER = WeiMeiShellDev_profile;
				TARGETED_DEVICE_FAMILY = 1;
			};
			name = Debug;
		};
		AFBF2BFB20439E2500AEBD25 /* Release */ = {
			isa = XCBuildConfiguration;
			buildSettings = {
				ASSETCATALOG_COMPILER_APPICON_NAME = AppIcon;
				ASSETCATALOG_COMPILER_LAUNCHIMAGE_NAME = LaunchImage;
				CODE_SIGN_IDENTITY = "iPhone Distribution: Beijing WeiMeiTianCheng Technology Co., Ltd.";
				"CODE_SIGN_IDENTITY[sdk=iphoneos*]" = "iPhone Distribution: Beijing WeiMeiTianCheng Technology Co., Ltd.";
				CODE_SIGN_INJECT_BASE_ENTITLEMENTS = YES;
				CODE_SIGN_STYLE = Manual;
				DEVELOPMENT_TEAM = 7DUX67X748;
				FRAMEWORK_SEARCH_PATHS = (
					"$(inherited)",
					"$(PROJECT_DIR)",
				);
				INFOPLIST_FILE = WMShell/Info.plist;
				IPHONEOS_DEPLOYMENT_TARGET = 8.0;
				LD_RUNPATH_SEARCH_PATHS = "$(inherited) @executable_path/Frameworks";
				OTHER_LDFLAGS = (
					"-Objc",
					"-all_load",
				);
				PRODUCT_BUNDLE_IDENTIFIER = com.weimeitc.wmshell;
				PRODUCT_NAME = "$(TARGET_NAME)";
				PROVISIONING_PROFILE = "b857a747-69b5-48d0-9720-b85ae851acb3";
				PROVISIONING_PROFILE_SPECIFIER = WeiMeiShellDis_profile;
				TARGETED_DEVICE_FAMILY = 1;
			};
			name = Release;
		};
/* End XCBuildConfiguration section */

/* Begin XCConfigurationList section */
		AFBF2BDE20439E2500AEBD25 /* Build configuration list for PBXProject "WMShell" */ = {
			isa = XCConfigurationList;
			buildConfigurations = (
				AFBF2BF720439E2500AEBD25 /* Debug */,
				AFBF2BF820439E2500AEBD25 /* Release */,
			);
			defaultConfigurationIsVisible = 0;
			defaultConfigurationName = Release;
		};
		AFBF2BF920439E2500AEBD25 /* Build configuration list for PBXNativeTarget "WMShell" */ = {
			isa = XCConfigurationList;
			buildConfigurations = (
				AFBF2BFA20439E2500AEBD25 /* Debug */,
				AFBF2BFB20439E2500AEBD25 /* Release */,
			);
			defaultConfigurationIsVisible = 0;
			defaultConfigurationName = Release;
		};
/* End XCConfigurationList section */
	};
	rootObject = AFBF2BDB20439E2500AEBD25 /* Project object */;
}
